
Microsoft Visual Studio Solution File, Format Version 11.00
# Visual Studio 2010
Project("{FAE04EC0-301F-11D3-BF4B-00C04F79EFBC}") = "Assembly-CSharp", "Assembly-CSharp.csproj", "{3b93ab72-cea9-caaa-a21f-33167bdaeaf6}"
EndProject
Project("{FAE04EC0-301F-11D3-BF4B-00C04F79EFBC}") = "Assembly-CSharp-Editor", "Assembly-CSharp-Editor.csproj", "{5308b4c7-4685-745c-0460-5d37ff7d1e2c}"
EndProject
Global
	GlobalSection(SolutionConfigurationPlatforms) = preSolution
		Debug|Any CPU = Debug|Any CPU
	EndGlobalSection
	GlobalSection(ProjectConfigurationPlatforms) = postSolution
		{3b93ab72-cea9-caaa-a21f-33167bdaeaf6}.Debug|Any CPU.ActiveCfg = Debug|Any CPU
		{3b93ab72-cea9-caaa-a21f-33167bdaeaf6}.Debug|Any CPU.Build.0 = Debug|Any CPU
		{5308b4c7-4685-745c-0460-5d37ff7d1e2c}.Debug|Any CPU.ActiveCfg = Debug|Any CPU
		{5308b4c7-4685-745c-0460-5d37ff7d1e2c}.Debug|Any CPU.Build.0 = Debug|Any CPU
	EndGlobalSection
	GlobalSection(SolutionProperties) = preSolution
		HideSolutionNode = FALSE
	EndGlobalSection
EndGlobal
